
Microsoft Visual Studio Solution File, Format Version 12.00
# Visual Studio Version 17
VisualStudioVersion = 17.3.32819.101
MinimumVisualStudioVersion = 10.0.40219.1
Project("{FAE04EC0-301F-11D3-BF4B-00C04F79EFBC}") = "Labb3WPF", "Labb3WPF\Labb3WPF.csproj", "{0629CF71-9C3A-4AD6-A5F5-2C5FBD9360F3}"
EndProject
Global
	GlobalSection(SolutionConfigurationPlatforms) = preSolution
		Debug|Any CPU = Debug|Any CPU
		Release|Any CPU = Release|Any CPU
	EndGlobalSection
	GlobalSection(ProjectConfigurationPlatforms) = postSolution
		{0629CF71-9C3A-4AD6-A5F5-2C5FBD9360F3}.Debug|Any CPU.ActiveCfg = Debug|Any CPU
		{0629CF71-9C3A-4AD6-A5F5-2C5FBD9360F3}.Debug|Any CPU.Build.0 = Debug|Any CPU
		{0629CF71-9C3A-4AD6-A5F5-2C5FBD9360F3}.Release|Any CPU.ActiveCfg = Release|Any CPU
		{0629CF71-9C3A-4AD6-A5F5-2C5FBD9360F3}.Release|Any CPU.Build.0 = Release|Any CPU
	EndGlobalSection
	GlobalSection(SolutionProperties) = preSolution
		HideSolutionNode = FALSE
	EndGlobalSection
	GlobalSection(ExtensibilityGlobals) = postSolution
		SolutionGuid = {8DB171B5-DDA7-4119-BC5F-5A7209CF667C}
	EndGlobalSection
EndGlobal
